{
  "name": "BetterScroll",
  "version": "1.0.0",
  "lockfileVersion": 1,
  "requires": true,
  "dependencies": {
    "@better-scroll/core": {
      "version": "2.3.0",
      "resolved": "https://registry.npmjs.org/@better-scroll/core/-/core-2.3.0.tgz",
      "integrity": "sha512-7ThX4HvqpqB1OwtZa7hQLzBLHO96CcQb4EpAl2KLdgTNBh3/Y1i5cn+HumMB/Bj4FJyGfxKTX0ML+CBOruGGbg==",
      "dev": true,
      "requires": {
        "@better-scroll/shared-utils": "^2.3.0"
      }
    },
    "@better-scroll/pull-down": {
      "version": "2.3.0",
      "resolved": "https://registry.npmjs.org/@better-scroll/pull-down/-/pull-down-2.3.0.tgz",
      "integrity": "sha512-UFX+44aLUKs3Ri75qqmn/Iq8tNRw3v+FLH5WIIdssj6jD0XxOZR27J+ZmDSlh24El3JYaaId50lQc+J/bbB1HQ==",
      "dev": true,
      "requires": {
        "@better-scroll/core": "^2.3.0"
      }
    },
    "@better-scroll/pull-up": {
      "version": "2.3.0",
      "resolved": "https://registry.npmjs.org/@better-scroll/pull-up/-/pull-up-2.3.0.tgz",
      "integrity": "sha512-xzZg6sHVJecYw+qw+gaOlTlQ5ITn6xVrbVRtNsXGsnpzjV2RvtTRLzO1udJuLCicLo9e1USwQH9KQv74ZT/IGA==",
      "dev": true,
      "requires": {
        "@better-scroll/core": "^2.3.0"
      }
    },
    "@better-scroll/shared-utils": {
      "version": "2.3.0",
      "resolved": "https://registry.npmjs.org/@better-scroll/shared-utils/-/shared-utils-2.3.0.tgz",
      "integrity": "sha512-5RRjC1Fb4BJ6mw1ctIot+U/sWwKMfUlsiFJZzlRwzTXYKtn7IQpYim9nFfeQknivgrVXVRJucawhJ7yqKGLf6w==",
      "dev": true
    }
  }
}
